// !$*UTF8*$!
{
	archiveVersion = 1;
	classes = {
	};
	objectVersion = 48;
	objects = {

/* Begin PBXBuildFile section */
		52C1FAB1201A9BE10040B7F4 /* AppDelegate.swift in Sources */ = {isa = PBXBuildFile; fileRef = 52C1FAB0201A9BE10040B7F4 /* AppDelegate.swift */; };
		52C1FAB3201A9BE10040B7F4 /* MainVC.swift in Sources */ = {isa = PBXBuildFile; fileRef = 52C1FAB2201A9BE10040B7F4 /* MainVC.swift */; };
		52C1FAB6201A9BE10040B7F4 /* Main.storyboard in Resources */ = {isa = PBXBuildFile; fileRef = 52C1FAB4201A9BE10040B7F4 /* Main.storyboard */; };
		52C1FAB8201A9BE10040B7F4 /* Assets.xcassets in Resources */ = {isa = PBXBuildFile; fileRef = 52C1FAB7201A9BE10040B7F4 /* Assets.xcassets */; };
		52C1FABB201A9BE10040B7F4 /* LaunchScreen.storyboard in Resources */ = {isa = PBXBuildFile; fileRef = 52C1FAB9201A9BE10040B7F4 /* LaunchScreen.storyboard */; };
		52C1FAC6201A9E7D0040B7F4 /* CurrencyTxtField.swift in Sources */ = {isa = PBXBuildFile; fileRef = 52C1FAC5201A9E7D0040B7F4 /* CurrencyTxtField.swift */; };
		52C1FACE201AA7BB0040B7F4 /* windows_shopperTests.swift in Sources */ = {isa = PBXBuildFile; fileRef = 52C1FACD201AA7BB0040B7F4 /* windows_shopperTests.swift */; };
		52C1FAD8201AA7DA0040B7F4 /* Wage.swift in Sources */ = {isa = PBXBuildFile; fileRef = 52C1FAD7201AA7DA0040B7F4 /* Wage.swift */; };
		52C1FAD9201AA94C0040B7F4 /* Wage.swift in Sources */ = {isa = PBXBuildFile; fileRef = 52C1FAD7201AA7DA0040B7F4 /* Wage.swift */; };
/* End PBXBuildFile section */

/* Begin PBXContainerItemProxy section */
		52C1FAD0201AA7BB0040B7F4 /* PBXContainerItemProxy */ = {
			isa = PBXContainerItemProxy;
			containerPortal = 52C1FAA5201A9BE10040B7F4 /* Project object */;
			proxyType = 1;
			remoteGlobalIDString = 52C1FAAC201A9BE10040B7F4;
			remoteInfo = windows_shopper;
		};
/* End PBXContainerItemProxy section */

/* Begin PBXFileReference section */
		52C1FAAD201A9BE10040B7F4 /* windows_shopper.app */ = {isa = PBXFileReference; explicitFileType = wrapper.application; includeInIndex = 0; path = windows_shopper.app; sourceTree = BUILT_PRODUCTS_DIR; };
		52C1FAB0201A9BE10040B7F4 /* AppDelegate.swift */ = {isa = PBXFileReference; lastKnownFileType = sourcecode.swift; path = AppDelegate.swift; sourceTree = "<group>"; };
		52C1FAB2201A9BE10040B7F4 /* MainVC.swift */ = {isa = PBXFileReference; lastKnownFileType = sourcecode.swift; path = MainVC.swift; sourceTree = "<group>"; };
		52C1FAB5201A9BE10040B7F4 /* Base */ = {isa = PBXFileReference; lastKnownFileType = file.storyboard; name = Base; path = Base.lproj/Main.storyboard; sourceTree = "<group>"; };
		52C1FAB7201A9BE10040B7F4 /* Assets.xcassets */ = {isa = PBXFileReference; lastKnownFileType = folder.assetcatalog; path = Assets.xcassets; sourceTree = "<group>"; };
		52C1FABA201A9BE10040B7F4 /* Base */ = {isa = PBXFileReference; lastKnownFileType = file.storyboard; name = Base; path = Base.lproj/LaunchScreen.storyboard; sourceTree = "<group>"; };
		52C1FABC201A9BE10040B7F4 /* Info.plist */ = {isa = PBXFileReference; lastKnownFileType = text.plist.xml; path = Info.plist; sourceTree = "<group>"; };
		52C1FAC5201A9E7D0040B7F4 /* CurrencyTxtField.swift */ = {isa = PBXFileReference; lastKnownFileType = sourcecode.swift; path = CurrencyTxtField.swift; sourceTree = "<group>"; };
		52C1FACB201AA7BB0040B7F4 /* windows_shopperTests.xctest */ = {isa = PBXFileReference; explicitFileType = wrapper.cfbundle; includeInIndex = 0; path = windows_shopperTests.xctest; sourceTree = BUILT_PRODUCTS_DIR; };
		52C1FACD201AA7BB0040B7F4 /* windows_shopperTests.swift */ = {isa = PBXFileReference; lastKnownFileType = sourcecode.swift; path = windows_shopperTests.swift; sourceTree = "<group>"; };
		52C1FACF201AA7BB0040B7F4 /* Info.plist */ = {isa = PBXFileReference; lastKnownFileType = text.plist.xml; path = Info.plist; sourceTree = "<group>"; };
		52C1FAD7201AA7DA0040B7F4 /* Wage.swift */ = {isa = PBXFileReference; lastKnownFileType = sourcecode.swift; path = Wage.swift; sourceTree = "<group>"; };
/* End PBXFileReference section */

/* Begin PBXFrameworksBuildPhase section */
		52C1FAAA201A9BE10040B7F4 /* Frameworks */ = {
			isa = PBXFrameworksBuildPhase;
			buildActionMask = 2147483647;
			files = (
			);
			runOnlyForDeploymentPostprocessing = 0;
		};
		52C1FAC8201AA7BB0040B7F4 /* Frameworks */ = {
			isa = PBXFrameworksBuildPhase;
			buildActionMask = 2147483647;
			files = (
			);
			runOnlyForDeploymentPostprocessing = 0;
		};
/* End PBXFrameworksBuildPhase section */

/* Begin PBXGroup section */
		52C1FAA4201A9BE10040B7F4 = {
			isa = PBXGroup;
			children = (
				52C1FAAF201A9BE10040B7F4 /* windows_shopper */,
				52C1FACC201AA7BB0040B7F4 /* windows_shopperTests */,
				52C1FAAE201A9BE10040B7F4 /* Products */,
			);
			sourceTree = "<group>";
		};
		52C1FAAE201A9BE10040B7F4 /* Products */ = {
			isa = PBXGroup;
			children = (
				52C1FAAD201A9BE10040B7F4 /* windows_shopper.app */,
				52C1FACB201AA7BB0040B7F4 /* windows_shopperTests.xctest */,
			);
			name = Products;
			sourceTree = "<group>";
		};
		52C1FAAF201A9BE10040B7F4 /* windows_shopper */ = {
			isa = PBXGroup;
			children = (
				52C1FAD5201AA7C10040B7F4 /* Model */,
				52C1FAC4201A9E580040B7F4 /* Views */,
				52C1FAC3201A9D5C0040B7F4 /* Controller */,
				52C1FAB0201A9BE10040B7F4 /* AppDelegate.swift */,
				52C1FAB4201A9BE10040B7F4 /* Main.storyboard */,
				52C1FAB7201A9BE10040B7F4 /* Assets.xcassets */,
				52C1FAB9201A9BE10040B7F4 /* LaunchScreen.storyboard */,
				52C1FABC201A9BE10040B7F4 /* Info.plist */,
			);
			path = windows_shopper;
			sourceTree = "<group>";
		};
		52C1FAC3201A9D5C0040B7F4 /* Controller */ = {
			isa = PBXGroup;
			children = (
				52C1FAB2201A9BE10040B7F4 /* MainVC.swift */,
			);
			path = Controller;
			sourceTree = "<group>";
		};
		52C1FAC4201A9E580040B7F4 /* Views */ = {
			isa = PBXGroup;
			children = (
				52C1FAC5201A9E7D0040B7F4 /* CurrencyTxtField.swift */,
			);
			path = Views;
			sourceTree = "<group>";
		};
		52C1FACC201AA7BB0040B7F4 /* windows_shopperTests */ = {
			isa = PBXGroup;
			children = (
				52C1FACD201AA7BB0040B7F4 /* windows_shopperTests.swift */,
				52C1FACF201AA7BB0040B7F4 /* Info.plist */,
			);
			path = windows_shopperTests;
			sourceTree = "<group>";
		};
		52C1FAD5201AA7C10040B7F4 /* Model */ = {
			isa = PBXGroup;
			children = (
				52C1FAD7201AA7DA0040B7F4 /* Wage.swift */,
			);
			path = Model;
			sourceTree = "<group>";
		};
/* End PBXGroup section */

/* Begin PBXNativeTarget section */
		52C1FAAC201A9BE10040B7F4 /* windows_shopper */ = {
			isa = PBXNativeTarget;
			buildConfigurationList = 52C1FABF201A9BE10040B7F4 /* Build configuration list for PBXNativeTarget "windows_shopper" */;
			buildPhases = (
				52C1FAA9201A9BE10040B7F4 /* Sources */,
				52C1FAAA201A9BE10040B7F4 /* Frameworks */,
				52C1FAAB201A9BE10040B7F4 /* Resources */,
			);
			buildRules = (
			);
			dependencies = (
			);
			name = windows_shopper;
			productName = windows_shopper;
			productReference = 52C1FAAD201A9BE10040B7F4 /* windows_shopper.app */;
			productType = "com.apple.product-type.application";
		};
		52C1FACA201AA7BB0040B7F4 /* windows_shopperTests */ = {
			isa = PBXNativeTarget;
			buildConfigurationList = 52C1FAD2201AA7BB0040B7F4 /* Build configuration list for PBXNativeTarget "windows_shopperTests" */;
			buildPhases = (
				52C1FAC7201AA7BB0040B7F4 /* Sources */,
				52C1FAC8201AA7BB0040B7F4 /* Frameworks */,
				52C1FAC9201AA7BB0040B7F4 /* Resources */,
			);
			buildRules = (
			);
			dependencies = (
				52C1FAD1201AA7BB0040B7F4 /* PBXTargetDependency */,
			);
			name = windows_shopperTests;
			productName = windows_shopperTests;
			productReference = 52C1FACB201AA7BB0040B7F4 /* windows_shopperTests.xctest */;
			productType = "com.apple.product-type.bundle.unit-test";
		};
/* End PBXNativeTarget section */

/* Begin PBXProject section */
		52C1FAA5201A9BE10040B7F4 /* Project object */ = {
			isa = PBXProject;
			attributes = {
				LastSwiftUpdateCheck = 0920;
				LastUpgradeCheck = 0920;
				ORGANIZATIONNAME = Bacelar;
				TargetAttributes = {
					52C1FAAC201A9BE10040B7F4 = {
						CreatedOnToolsVersion = 9.2;
						ProvisioningStyle = Automatic;
					};
					52C1FACA201AA7BB0040B7F4 = {
						CreatedOnToolsVersion = 9.2;
						ProvisioningStyle = Automatic;
						TestTargetID = 52C1FAAC201A9BE10040B7F4;
					};
				};
			};
			buildConfigurationList = 52C1FAA8201A9BE10040B7F4 /* Build configuration list for PBXProject "windows_shopper" */;
			compatibilityVersion = "Xcode 8.0";
			developmentRegion = en;
			hasScannedForEncodings = 0;
			knownRegions = (
				en,
				Base,
			);
			mainGroup = 52C1FAA4201A9BE10040B7F4;
			productRefGroup = 52C1FAAE201A9BE10040B7F4 /* Products */;
			projectDirPath = "";
			projectRoot = "";
			targets = (
				52C1FAAC201A9BE10040B7F4 /* windows_shopper */,
				52C1FACA201AA7BB0040B7F4 /* windows_shopperTests */,
			);
		};
/* End PBXProject section */

/* Begin PBXResourcesBuildPhase section */
		52C1FAAB201A9BE10040B7F4 /* Resources */ = {
			isa = PBXResourcesBuildPhase;
			buildActionMask = 2147483647;
			files = (
				52C1FABB201A9BE10040B7F4 /* LaunchScreen.storyboard in Resources */,
				52C1FAB8201A9BE10040B7F4 /* Assets.xcassets in Resources */,
				52C1FAB6201A9BE10040B7F4 /* Main.storyboard in Resources */,
			);
			runOnlyForDeploymentPostprocessing = 0;
		};
		52C1FAC9201AA7BB0040B7F4 /* Resources */ = {
			isa = PBXResourcesBuildPhase;
			buildActionMask = 2147483647;
			files = (
			);
			runOnlyForDeploymentPostprocessing = 0;
		};
/* End PBXResourcesBuildPhase section */

/* Begin PBXSourcesBuildPhase section */
		52C1FAA9201A9BE10040B7F4 /* Sources */ = {
			isa = PBXSourcesBuildPhase;
			buildActionMask = 2147483647;
			files = (
				52C1FAC6201A9E7D0040B7F4 /* CurrencyTxtField.swift in Sources */,
				52C1FAD8201AA7DA0040B7F4 /* Wage.swift in Sources */,
				52C1FAB3201A9BE10040B7F4 /* MainVC.swift in Sources */,
				52C1FAB1201A9BE10040B7F4 /* AppDelegate.swift in Sources */,
			);
			runOnlyForDeploymentPostprocessing = 0;
		};
		52C1FAC7201AA7BB0040B7F4 /* Sources */ = {
			isa = PBXSourcesBuildPhase;
			buildActionMask = 2147483647;
			files = (
				52C1FACE201AA7BB0040B7F4 /* windows_shopperTests.swift in Sources */,
				52C1FAD9201AA94C0040B7F4 /* Wage.swift in Sources */,
			);
			runOnlyForDeploymentPostprocessing = 0;
		};
/* End PBXSourcesBuildPhase section */

/* Begin PBXTargetDependency section */
		52C1FAD1201AA7BB0040B7F4 /* PBXTargetDependency */ = {
			isa = PBXTargetDependency;
			target = 52C1FAAC201A9BE10040B7F4 /* windows_shopper */;
			targetProxy = 52C1FAD0201AA7BB0040B7F4 /* PBXContainerItemProxy */;
		};
/* End PBXTargetDependency section */

/* Begin PBXVariantGroup section */
		52C1FAB4201A9BE10040B7F4 /* Main.storyboard */ = {
			isa = PBXVariantGroup;
			children = (
				52C1FAB5201A9BE10040B7F4 /* Base */,
			);
			name = Main.storyboard;
			sourceTree = "<group>";
		};
		52C1FAB9201A9BE10040B7F4 /* LaunchScreen.storyboard */ = {
			isa = PBXVariantGroup;
			children = (
				52C1FABA201A9BE10040B7F4 /* Base */,
			);
			name = LaunchScreen.storyboard;
			sourceTree = "<group>";
		};
/* End PBXVariantGroup section */

/* Begin XCBuildConfiguration section */
		52C1FABD201A9BE10040B7F4 /* Debug */ = {
			isa = XCBuildConfiguration;
			buildSettings = {
				ALWAYS_SEARCH_USER_PATHS = NO;
				CLANG_ANALYZER_NONNULL = YES;
				CLANG_ANALYZER_NUMBER_OBJECT_CONVERSION = YES_AGGRESSIVE;
				CLANG_CXX_LANGUAGE_STANDARD = "gnu++14";
				CLANG_CXX_LIBRARY = "libc++";
				CLANG_ENABLE_MODULES = YES;
				CLANG_ENABLE_OBJC_ARC = YES;
				CLANG_WARN_BLOCK_CAPTURE_AUTORELEASING = YES;
				CLANG_WARN_BOOL_CONVERSION = YES;
				CLANG_WARN_COMMA = YES;
				CLANG_WARN_CONSTANT_CONVERSION = YES;
				CLANG_WARN_DIRECT_OBJC_ISA_USAGE = YES_ERROR;
				CLANG_WARN_DOCUMENTATION_COMMENTS = YES;
				CLANG_WARN_EMPTY_BODY = YES;
				CLANG_WARN_ENUM_CONVERSION = YES;
				CLANG_WARN_INFINITE_RECURSION = YES;
				CLANG_WARN_INT_CONVERSION = YES;
				CLANG_WARN_NON_LITERAL_NULL_CONVERSION = YES;
				CLANG_WARN_OBJC_LITERAL_CONVERSION = YES;
				CLANG_WARN_OBJC_ROOT_CLASS = YES_ERROR;
				CLANG_WARN_RANGE_LOOP_ANALYSIS = YES;
				CLANG_WARN_STRICT_PROTOTYPES = YES;
				CLANG_WARN_SUSPICIOUS_MOVE = YES;
				CLANG_WARN_UNGUARDED_AVAILABILITY = YES_AGGRESSIVE;
				CLANG_WARN_UNREACHABLE_CODE = YES;
				CLANG_WARN__DUPLICATE_METHOD_MATCH = YES;
				CODE_SIGN_IDENTITY = "iPhone Developer";
				COPY_PHASE_STRIP = NO;
				DEBUG_INFORMATION_FORMAT = dwarf;
				ENABLE_STRICT_OBJC_MSGSEND = YES;
				ENABLE_TESTABILITY = YES;
				GCC_C_LANGUAGE_STANDARD = gnu11;
				GCC_DYNAMIC_NO_PIC = NO;
				GCC_NO_COMMON_BLOCKS = YES;
				GCC_OPTIMIZATION_LEVEL = 0;
				GCC_PREPROCESSOR_DEFINITIONS = (
					"DEBUG=1",
					"$(inherited)",
				);
				GCC_WARN_64_TO_32_BIT_CONVERSION = YES;
				GCC_WARN_ABOUT_RETURN_TYPE = YES_ERROR;
				GCC_WARN_UNDECLARED_SELECTOR = YES;
				GCC_WARN_UNINITIALIZED_AUTOS = YES_AGGRESSIVE;
				GCC_WARN_UNUSED_FUNCTION = YES;
				GCC_WARN_UNUSED_VARIABLE = YES;
				IPHONEOS_DEPLOYMENT_TARGET = 11.2;
				MTL_ENABLE_DEBUG_INFO = YES;
				ONLY_ACTIVE_ARCH = YES;
				SDKROOT = iphoneos;
				SWIFT_ACTIVE_COMPILATION_CONDITIONS = DEBUG;
				SWIFT_OPTIMIZATION_LEVEL = "-Onone";
			};
			name = Debug;
		};
		52C1FABE201A9BE10040B7F4 /* Release */ = {
			isa = XCBuildConfiguration;
			buildSettings = {
				ALWAYS_SEARCH_USER_PATHS = NO;
				CLANG_ANALYZER_NONNULL = YES;
				CLANG_ANALYZER_NUMBER_OBJECT_CONVERSION = YES_AGGRESSIVE;
				CLANG_CXX_LANGUAGE_STANDARD = "gnu++14";
				CLANG_CXX_LIBRARY = "libc++";
				CLANG_ENABLE_MODULES = YES;
				CLANG_ENABLE_OBJC_ARC = YES;
				CLANG_WARN_BLOCK_CAPTURE_AUTORELEASING = YES;
				CLANG_WARN_BOOL_CONVERSION = YES;
				CLANG_WARN_COMMA = YES;
				CLANG_WARN_CONSTANT_CONVERSION = YES;
				CLANG_WARN_DIRECT_OBJC_ISA_USAGE = YES_ERROR;
				CLANG_WARN_DOCUMENTATION_COMMENTS = YES;
				CLANG_WARN_EMPTY_BODY = YES;
				CLANG_WARN_ENUM_CONVERSION = YES;
				CLANG_WARN_INFINITE_RECURSION = YES;
				CLANG_WARN_INT_CONVERSION = YES;
				CLANG_WARN_NON_LITERAL_NULL_CONVERSION = YES;
				CLANG_WARN_OBJC_LITERAL_CONVERSION = YES;
				CLANG_WARN_OBJC_ROOT_CLASS = YES_ERROR;
				CLANG_WARN_RANGE_LOOP_ANALYSIS = YES;
				CLANG_WARN_STRICT_PROTOTYPES = YES;
				CLANG_WARN_SUSPICIOUS_MOVE = YES;
				CLANG_WARN_UNGUARDED_AVAILABILITY = YES_AGGRESSIVE;
				CLANG_WARN_UNREACHABLE_CODE = YES;
				CLANG_WARN__DUPLICATE_METHOD_MATCH = YES;
				CODE_SIGN_IDENTITY = "iPhone Developer";
				COPY_PHASE_STRIP = NO;
				DEBUG_INFORMATION_FORMAT = "dwarf-with-dsym";
				ENABLE_NS_ASSERTIONS = NO;
				ENABLE_STRICT_OBJC_MSGSEND = YES;
				GCC_C_LANGUAGE_STANDARD = gnu11;
				GCC_NO_COMMON_BLOCKS = YES;
				GCC_WARN_64_TO_32_BIT_CONVERSION = YES;
				GCC_WARN_ABOUT_RETURN_TYPE = YES_ERROR;
				GCC_WARN_UNDECLARED_SELECTOR = YES;
				GCC_WARN_UNINITIALIZED_AUTOS = YES_AGGRESSIVE;
				GCC_WARN_UNUSED_FUNCTION = YES;
				GCC_WARN_UNUSED_VARIABLE = YES;
				IPHONEOS_DEPLOYMENT_TARGET = 11.2;
				MTL_ENABLE_DEBUG_INFO = NO;
				SDKROOT = iphoneos;
				SWIFT_OPTIMIZATION_LEVEL = "-Owholemodule";
				VALIDATE_PRODUCT = YES;
			};
			name = Release;
		};
		52C1FAC0201A9BE10040B7F4 /* Debug */ = {
			isa = XCBuildConfiguration;
			buildSettings = {
				ASSETCATALOG_COMPILER_APPICON_NAME = AppIcon;
				CODE_SIGN_STYLE = Automatic;
				DEVELOPMENT_TEAM = 2N6ML2B9P7;
				INFOPLIST_FILE = windows_shopper/Info.plist;
				LD_RUNPATH_SEARCH_PATHS = "$(inherited) @executable_path/Frameworks";
				PRODUCT_BUNDLE_IDENTIFIER = "ciccc.windows-shopper";
				PRODUCT_NAME = "$(TARGET_NAME)";
				SWIFT_VERSION = 4.0;
				TARGETED_DEVICE_FAMILY = "1,2";
			};
			name = Debug;
		};
		52C1FAC1201A9BE10040B7F4 /* Release */ = {
			isa = XCBuildConfiguration;
			buildSettings = {
				ASSETCATALOG_COMPILER_APPICON_NAME = AppIcon;
				CODE_SIGN_STYLE = Automatic;
				DEVELOPMENT_TEAM = 2N6ML2B9P7;
				INFOPLIST_FILE = windows_shopper/Info.plist;
				LD_RUNPATH_SEARCH_PATHS = "$(inherited) @executable_path/Frameworks";
				PRODUCT_BUNDLE_IDENTIFIER = "ciccc.windows-shopper";
				PRODUCT_NAME = "$(TARGET_NAME)";
				SWIFT_VERSION = 4.0;
				TARGETED_DEVICE_FAMILY = "1,2";
			};
			name = Release;
		};
		52C1FAD3201AA7BB0040B7F4 /* Debug */ = {
			isa = XCBuildConfiguration;
			buildSettings = {
				BUNDLE_LOADER = "$(TEST_HOST)";
				CODE_SIGN_STYLE = Automatic;
				DEVELOPMENT_TEAM = 2N6ML2B9P7;
				INFOPLIST_FILE = windows_shopperTests/Info.plist;
				LD_RUNPATH_SEARCH_PATHS = "$(inherited) @executable_path/Frameworks @loader_path/Frameworks";
				PRODUCT_BUNDLE_IDENTIFIER = "ciccc.windows-shopperTests";
				PRODUCT_NAME = "$(TARGET_NAME)";
				SWIFT_VERSION = 4.0;
				TARGETED_DEVICE_FAMILY = "1,2";
				TEST_HOST = "$(BUILT_PRODUCTS_DIR)/windows_shopper.app/windows_shopper";
			};
			name = Debug;
		};
		52C1FAD4201AA7BB0040B7F4 /* Release */ = {
			isa = XCBuildConfiguration;
			buildSettings = {
				BUNDLE_LOADER = "$(TEST_HOST)";
				CODE_SIGN_STYLE = Automatic;
				DEVELOPMENT_TEAM = 2N6ML2B9P7;
				INFOPLIST_FILE = windows_shopperTests/Info.plist;
				LD_RUNPATH_SEARCH_PATHS = "$(inherited) @executable_path/Frameworks @loader_path/Frameworks";
				PRODUCT_BUNDLE_IDENTIFIER = "ciccc.windows-shopperTests";
				PRODUCT_NAME = "$(TARGET_NAME)";
				SWIFT_VERSION = 4.0;
				TARGETED_DEVICE_FAMILY = "1,2";
				TEST_HOST = "$(BUILT_PRODUCTS_DIR)/windows_shopper.app/windows_shopper";
			};
			name = Release;
		};
/* End XCBuildConfiguration section */

/* Begin XCConfigurationList section */
		52C1FAA8201A9BE10040B7F4 /* Build configuration list for PBXProject "windows_shopper" */ = {
			isa = XCConfigurationList;
			buildConfigurations = (
				52C1FABD201A9BE10040B7F4 /* Debug */,
				52C1FABE201A9BE10040B7F4 /* Release */,
			);
			defaultConfigurationIsVisible = 0;
			defaultConfigurationName = Release;
		};
		52C1FABF201A9BE10040B7F4 /* Build configuration list for PBXNativeTarget "windows_shopper" */ = {
			isa = XCConfigurationList;
			buildConfigurations = (
				52C1FAC0201A9BE10040B7F4 /* Debug */,
				52C1FAC1201A9BE10040B7F4 /* Release */,
			);
			defaultConfigurationIsVisible = 0;
			defaultConfigurationName = Release;
		};
		52C1FAD2201AA7BB0040B7F4 /* Build configuration list for PBXNativeTarget "windows_shopperTests" */ = {
			isa = XCConfigurationList;
			buildConfigurations = (
				52C1FAD3201AA7BB0040B7F4 /* Debug */,
				52C1FAD4201AA7BB0040B7F4 /* Release */,
			);
			defaultConfigurationIsVisible = 0;
			defaultConfigurationName = Release;
		};
/* End XCConfigurationList section */
	};
	rootObject = 52C1FAA5201A9BE10040B7F4 /* Project object */;
}
